Microsoft Visual Studio Solution File, Format Version 12.00
# Visual Studio Version 17
VisualStudioVersion = 17.5.2.0
MinimumVisualStudioVersion = 10.0.40219.1
Project("{FAE04EC0-301F-11D3-BF4B-00C04F79EFBC}") = "Lambda.Api", "Lambda.Api\Lambda.Api.csproj", "{7866875D-C6EE-701F-8D15-21841076DEDC}"
EndProject
Global
	GlobalSection(SolutionConfigurationPlatforms) = preSolution
		Debug|Any CPU = Debug|Any CPU
		Release|Any CPU = Release|Any CPU
	EndGlobalSection
	GlobalSection(ProjectConfigurationPlatforms) = postSolution
		{7866875D-C6EE-701F-8D15-21841076DEDC}.Debug|Any CPU.ActiveCfg = Debug|Any CPU
		{7866875D-C6EE-701F-8D15-21841076DEDC}.Debug|Any CPU.Build.0 = Debug|Any CPU
		{7866875D-C6EE-701F-8D15-21841076DEDC}.Release|Any CPU.ActiveCfg = Release|Any CPU
		{7866875D-C6EE-701F-8D15-21841076DEDC}.Release|Any CPU.Build.0 = Release|Any CPU
	EndGlobalSection
	GlobalSection(SolutionProperties) = preSolution
		HideSolutionNode = FALSE
	EndGlobalSection
	GlobalSection(ExtensibilityGlobals) = postSolution
		SolutionGuid = {24B1E9B2-3E1D-4B74-AD31-55F3D1EB18C8}
	EndGlobalSection
EndGlobal
